
Microsoft Visual Studio Solution File, Format Version 12.00
# Visual Studio Version 17
VisualStudioVersion = 17.11.35327.3
MinimumVisualStudioVersion = 10.0.40219.1
Project("{FAE04EC0-301F-11D3-BF4B-00C04F79EFBC}") = "TechSupport.Views", "TechSupport\TechSupport.Views.csproj", "{61D96DA4-6296-470E-BECC-BD3D13F3845A}"
EndProject
Project("{FAE04EC0-301F-11D3-BF4B-00C04F79EFBC}") = "TechSupport.Models", "TechSupport.Models\TechSupport.Models.csproj", "{22B1B567-B174-458E-8EB2-82CEBDD1E94F}"
EndProject
Project("{FAE04EC0-301F-11D3-BF4B-00C04F79EFBC}") = "TechSupport.Controllers", "TechSupport.Controllers\TechSupport.Controllers.csproj", "{46FEC8ED-C3C2-43CA-9ED7-F90C3DE2B846}"
EndProject
Global
	GlobalSection(SolutionConfigurationPlatforms) = preSolution
		Debug|Any CPU = Debug|Any CPU
		Release|Any CPU = Release|Any CPU
	EndGlobalSection
	GlobalSection(ProjectConfigurationPlatforms) = postSolution
		{61D96DA4-6296-470E-BECC-BD3D13F3845A}.Debug|Any CPU.ActiveCfg = Debug|Any CPU
		{61D96DA4-6296-470E-BECC-BD3D13F3845A}.Debug|Any CPU.Build.0 = Debug|Any CPU
		{61D96DA4-6296-470E-BECC-BD3D13F3845A}.Release|Any CPU.ActiveCfg = Release|Any CPU
		{61D96DA4-6296-470E-BECC-BD3D13F3845A}.Release|Any CPU.Build.0 = Release|Any CPU
		{22B1B567-B174-458E-8EB2-82CEBDD1E94F}.Debug|Any CPU.ActiveCfg = Debug|Any CPU
		{22B1B567-B174-458E-8EB2-82CEBDD1E94F}.Debug|Any CPU.Build.0 = Debug|Any CPU
		{22B1B567-B174-458E-8EB2-82CEBDD1E94F}.Release|Any CPU.ActiveCfg = Release|Any CPU
		{22B1B567-B174-458E-8EB2-82CEBDD1E94F}.Release|Any CPU.Build.0 = Release|Any CPU
		{46FEC8ED-C3C2-43CA-9ED7-F90C3DE2B846}.Debug|Any CPU.ActiveCfg = Debug|Any CPU
		{46FEC8ED-C3C2-43CA-9ED7-F90C3DE2B846}.Debug|Any CPU.Build.0 = Debug|Any CPU
		{46FEC8ED-C3C2-43CA-9ED7-F90C3DE2B846}.Release|Any CPU.ActiveCfg = Release|Any CPU
		{46FEC8ED-C3C2-43CA-9ED7-F90C3DE2B846}.Release|Any CPU.Build.0 = Release|Any CPU
	EndGlobalSection
	GlobalSection(SolutionProperties) = preSolution
		HideSolutionNode = FALSE
	EndGlobalSection
	GlobalSection(ExtensibilityGlobals) = postSolution
		SolutionGuid = {413E35AF-C849-456C-A36C-D7F658C7A15B}
	EndGlobalSection
EndGlobal
